
Microsoft Visual Studio Solution File, Format Version 12.00
# Visual Studio Version 17
VisualStudioVersion = 17.5.33424.131
MinimumVisualStudioVersion = 10.0.40219.1
Project("{FAE04EC0-301F-11D3-BF4B-00C04F79EFBC}") = "Labyrinth", "Labyrinth\Labyrinth.csproj", "{FF49E4AB-6CB4-402F-955E-5A598FDDC47A}"
EndProject
Global
	GlobalSection(SolutionConfigurationPlatforms) = preSolution
		Debug|Any CPU = Debug|Any CPU
		Release|Any CPU = Release|Any CPU
	EndGlobalSection
	GlobalSection(ProjectConfigurationPlatforms) = postSolution
		{FF49E4AB-6CB4-402F-955E-5A598FDDC47A}.Debug|Any CPU.ActiveCfg = Debug|Any CPU
		{FF49E4AB-6CB4-402F-955E-5A598FDDC47A}.Debug|Any CPU.Build.0 = Debug|Any CPU
		{FF49E4AB-6CB4-402F-955E-5A598FDDC47A}.Release|Any CPU.ActiveCfg = Release|Any CPU
		{FF49E4AB-6CB4-402F-955E-5A598FDDC47A}.Release|Any CPU.Build.0 = Release|Any CPU
	EndGlobalSection
	GlobalSection(SolutionProperties) = preSolution
		HideSolutionNode = FALSE
	EndGlobalSection
	GlobalSection(ExtensibilityGlobals) = postSolution
		SolutionGuid = {41DB0F09-4E6C-4DC5-9A4F-CAB133A1A195}
	EndGlobalSection
EndGlobal
